
Microsoft Visual Studio Solution File, Format Version 12.00
# Visual Studio Version 16
VisualStudioVersion = 16.0.32126.315
MinimumVisualStudioVersion = 10.0.40219.1
Project("{FAE04EC0-301F-11D3-BF4B-00C04F79EFBC}") = "Gmail_Services", "Gmail_Services\Gmail_Services.csproj", "{3FEA1C71-14E8-43AF-8DD2-4CED1642DCA2}"
EndProject
Global
	GlobalSection(SolutionConfigurationPlatforms) = preSolution
		Debug|Any CPU = Debug|Any CPU
		Release|Any CPU = Release|Any CPU
	EndGlobalSection
	GlobalSection(ProjectConfigurationPlatforms) = postSolution
		{3FEA1C71-14E8-43AF-8DD2-4CED1642DCA2}.Debug|Any CPU.ActiveCfg = Debug|Any CPU
		{3FEA1C71-14E8-43AF-8DD2-4CED1642DCA2}.Debug|Any CPU.Build.0 = Debug|Any CPU
		{3FEA1C71-14E8-43AF-8DD2-4CED1642DCA2}.Release|Any CPU.ActiveCfg = Release|Any CPU
		{3FEA1C71-14E8-43AF-8DD2-4CED1642DCA2}.Release|Any CPU.Build.0 = Release|Any CPU
	EndGlobalSection
	GlobalSection(SolutionProperties) = preSolution
		HideSolutionNode = FALSE
	EndGlobalSection
	GlobalSection(ExtensibilityGlobals) = postSolution
		SolutionGuid = {BE14EB9F-F944-42D5-B2FC-4BD88ECDD780}
	EndGlobalSection
EndGlobal
